// !$*UTF8*$!
{
	archiveVersion = 1;
	classes = {
	};
	objectVersion = 48;
	objects = {

/* Begin PBXBuildFile section */
		0A9D19B8206C22DE007BCE51 /* AppDelegate.swift in Sources */ = {isa = PBXBuildFile; fileRef = 0A9D19B7206C22DE007BCE51 /* AppDelegate.swift */; };
		0A9D19BA206C22DE007BCE51 /* ViewController.swift in Sources */ = {isa = PBXBuildFile; fileRef = 0A9D19B9206C22DE007BCE51 /* ViewController.swift */; };
		0A9D19BD206C22DE007BCE51 /* Main.storyboard in Resources */ = {isa = PBXBuildFile; fileRef = 0A9D19BB206C22DE007BCE51 /* Main.storyboard */; };
		0A9D19BF206C22DE007BCE51 /* Assets.xcassets in Resources */ = {isa = PBXBuildFile; fileRef = 0A9D19BE206C22DE007BCE51 /* Assets.xcassets */; };
		0A9D19C2206C22DE007BCE51 /* LaunchScreen.storyboard in Resources */ = {isa = PBXBuildFile; fileRef = 0A9D19C0206C22DE007BCE51 /* LaunchScreen.storyboard */; };
		0A9D19D1206C2441007BCE51 /* DoubleTouchGestureRecognizer.swift in Sources */ = {isa = PBXBuildFile; fileRef = 0A9D19D0206C2441007BCE51 /* DoubleTouchGestureRecognizer.swift */; };
/* End PBXBuildFile section */

/* Begin PBXFileReference section */
		0A9D19B4206C22DE007BCE51 /* doubletouch.app */ = {isa = PBXFileReference; explicitFileType = wrapper.application; includeInIndex = 0; path = doubletouch.app; sourceTree = BUILT_PRODUCTS_DIR; };
		0A9D19B7206C22DE007BCE51 /* AppDelegate.swift */ = {isa = PBXFileReference; lastKnownFileType = sourcecode.swift; path = AppDelegate.swift; sourceTree = "<group>"; };
		0A9D19B9206C22DE007BCE51 /* ViewController.swift */ = {isa = PBXFileReference; lastKnownFileType = sourcecode.swift; path = ViewController.swift; sourceTree = "<group>"; };
		0A9D19BC206C22DE007BCE51 /* Base */ = {isa = PBXFileReference; lastKnownFileType = file.storyboard; name = Base; path = Base.lproj/Main.storyboard; sourceTree = "<group>"; };
		0A9D19BE206C22DE007BCE51 /* Assets.xcassets */ = {isa = PBXFileReference; lastKnownFileType = folder.assetcatalog; path = Assets.xcassets; sourceTree = "<group>"; };
		0A9D19C1206C22DE007BCE51 /* Base */ = {isa = PBXFileReference; lastKnownFileType = file.storyboard; name = Base; path = Base.lproj/LaunchScreen.storyboard; sourceTree = "<group>"; };
		0A9D19C3206C22DE007BCE51 /* Info.plist */ = {isa = PBXFileReference; lastKnownFileType = text.plist.xml; path = Info.plist; sourceTree = "<group>"; };
		0A9D19CD206C23E7007BCE51 /* doubletouch-Bridging-Header.h */ = {isa = PBXFileReference; lastKnownFileType = sourcecode.c.h; path = "doubletouch-Bridging-Header.h"; sourceTree = "<group>"; };
		0A9D19D0206C2441007BCE51 /* DoubleTouchGestureRecognizer.swift */ = {isa = PBXFileReference; lastKnownFileType = sourcecode.swift; path = DoubleTouchGestureRecognizer.swift; sourceTree = "<group>"; };
/* End PBXFileReference section */

/* Begin PBXFrameworksBuildPhase section */
		0A9D19B1206C22DE007BCE51 /* Frameworks */ = {
			isa = PBXFrameworksBuildPhase;
			buildActionMask = 2147483647;
			files = (
			);
			runOnlyForDeploymentPostprocessing = 0;
		};
/* End PBXFrameworksBuildPhase section */

/* Begin PBXGroup section */
		0A9D19AB206C22DE007BCE51 = {
			isa = PBXGroup;
			children = (
				0A9D19B6206C22DE007BCE51 /* doubletouch */,
				0A9D19B5206C22DE007BCE51 /* Products */,
			);
			sourceTree = "<group>";
		};
		0A9D19B5206C22DE007BCE51 /* Products */ = {
			isa = PBXGroup;
			children = (
				0A9D19B4206C22DE007BCE51 /* doubletouch.app */,
			);
			name = Products;
			sourceTree = "<group>";
		};
		0A9D19B6206C22DE007BCE51 /* doubletouch */ = {
			isa = PBXGroup;
			children = (
				0A9D19B7206C22DE007BCE51 /* AppDelegate.swift */,
				0A9D19B9206C22DE007BCE51 /* ViewController.swift */,
				0A9D19BB206C22DE007BCE51 /* Main.storyboard */,
				0A9D19BE206C22DE007BCE51 /* Assets.xcassets */,
				0A9D19C0206C22DE007BCE51 /* LaunchScreen.storyboard */,
				0A9D19C3206C22DE007BCE51 /* Info.plist */,
				0A9D19CD206C23E7007BCE51 /* doubletouch-Bridging-Header.h */,
				0A9D19D0206C2441007BCE51 /* DoubleTouchGestureRecognizer.swift */,
			);
			path = doubletouch;
			sourceTree = "<group>";
		};
/* End PBXGroup section */

/* Begin PBXNativeTarget section */
		0A9D19B3206C22DE007BCE51 /* doubletouch */ = {
			isa = PBXNativeTarget;
			buildConfigurationList = 0A9D19C6206C22DE007BCE51 /* Build configuration list for PBXNativeTarget "doubletouch" */;
			buildPhases = (
				0A9D19B0206C22DE007BCE51 /* Sources */,
				0A9D19B1206C22DE007BCE51 /* Frameworks */,
				0A9D19B2206C22DE007BCE51 /* Resources */,
			);
			buildRules = (
			);
			dependencies = (
			);
			name = doubletouch;
			productName = doubletouch;
			productReference = 0A9D19B4206C22DE007BCE51 /* doubletouch.app */;
			productType = "com.apple.product-type.application";
		};
/* End PBXNativeTarget section */

/* Begin PBXProject section */
		0A9D19AC206C22DE007BCE51 /* Project object */ = {
			isa = PBXProject;
			attributes = {
				LastSwiftUpdateCheck = 0920;
				LastUpgradeCheck = 0920;
				ORGANIZATIONNAME = popmedic;
				TargetAttributes = {
					0A9D19B3206C22DE007BCE51 = {
						CreatedOnToolsVersion = 9.2;
						LastSwiftMigration = 0920;
						ProvisioningStyle = Automatic;
					};
				};
			};
			buildConfigurationList = 0A9D19AF206C22DE007BCE51 /* Build configuration list for PBXProject "doubletouch" */;
			compatibilityVersion = "Xcode 8.0";
			developmentRegion = en;
			hasScannedForEncodings = 0;
			knownRegions = (
				en,
				Base,
			);
			mainGroup = 0A9D19AB206C22DE007BCE51;
			productRefGroup = 0A9D19B5206C22DE007BCE51 /* Products */;
			projectDirPath = "";
			projectRoot = "";
			targets = (
				0A9D19B3206C22DE007BCE51 /* doubletouch */,
			);
		};
/* End PBXProject section */

/* Begin PBXResourcesBuildPhase section */
		0A9D19B2206C22DE007BCE51 /* Resources */ = {
			isa = PBXResourcesBuildPhase;
			buildActionMask = 2147483647;
			files = (
				0A9D19C2206C22DE007BCE51 /* LaunchScreen.storyboard in Resources */,
				0A9D19BF206C22DE007BCE51 /* Assets.xcassets in Resources */,
				0A9D19BD206C22DE007BCE51 /* Main.storyboard in Resources */,
			);
			runOnlyForDeploymentPostprocessing = 0;
		};
/* End PBXResourcesBuildPhase section */

/* Begin PBXSourcesBuildPhase section */
		0A9D19B0206C22DE007BCE51 /* Sources */ = {
			isa = PBXSourcesBuildPhase;
			buildActionMask = 2147483647;
			files = (
				0A9D19D1206C2441007BCE51 /* DoubleTouchGestureRecognizer.swift in Sources */,
				0A9D19BA206C22DE007BCE51 /* ViewController.swift in Sources */,
				0A9D19B8206C22DE007BCE51 /* AppDelegate.swift in Sources */,
			);
			runOnlyForDeploymentPostprocessing = 0;
		};
/* End PBXSourcesBuildPhase section */

/* Begin PBXVariantGroup section */
		0A9D19BB206C22DE007BCE51 /* Main.storyboard */ = {
			isa = PBXVariantGroup;
			children = (
				0A9D19BC206C22DE007BCE51 /* Base */,
			);
			name = Main.storyboard;
			sourceTree = "<group>";
		};
		0A9D19C0206C22DE007BCE51 /* LaunchScreen.storyboard */ = {
			isa = PBXVariantGroup;
			children = (
				0A9D19C1206C22DE007BCE51 /* Base */,
			);
			name = LaunchScreen.storyboard;
			sourceTree = "<group>";
		};
/* End PBXVariantGroup section */

/* Begin XCBuildConfiguration section */
		0A9D19C4206C22DE007BCE51 /* Debug */ = {
			isa = XCBuildConfiguration;
			buildSettings = {
				ALWAYS_SEARCH_USER_PATHS = NO;
				CLANG_ANALYZER_NONNULL = YES;
				CLANG_ANALYZER_NUMBER_OBJECT_CONVERSION = YES_AGGRESSIVE;
				CLANG_CXX_LANGUAGE_STANDARD = "gnu++14";
				CLANG_CXX_LIBRARY = "libc++";
				CLANG_ENABLE_MODULES = YES;
				CLANG_ENABLE_OBJC_ARC = YES;
				CLANG_WARN_BLOCK_CAPTURE_AUTORELEASING = YES;
				CLANG_WARN_BOOL_CONVERSION = YES;
				CLANG_WARN_COMMA = YES;
				CLANG_WARN_CONSTANT_CONVERSION = YES;
				CLANG_WARN_DIRECT_OBJC_ISA_USAGE = YES_ERROR;
				CLANG_WARN_DOCUMENTATION_COMMENTS = YES;
				CLANG_WARN_EMPTY_BODY = YES;
				CLANG_WARN_ENUM_CONVERSION = YES;
				CLANG_WARN_INFINITE_RECURSION = YES;
				CLANG_WARN_INT_CONVERSION = YES;
				CLANG_WARN_NON_LITERAL_NULL_CONVERSION = YES;
				CLANG_WARN_OBJC_LITERAL_CONVERSION = YES;
				CLANG_WARN_OBJC_ROOT_CLASS = YES_ERROR;
				CLANG_WARN_RANGE_LOOP_ANALYSIS = YES;
				CLANG_WARN_STRICT_PROTOTYPES = YES;
				CLANG_WARN_SUSPICIOUS_MOVE = YES;
				CLANG_WARN_UNGUARDED_AVAILABILITY = YES_AGGRESSIVE;
				CLANG_WARN_UNREACHABLE_CODE = YES;
				CLANG_WARN__DUPLICATE_METHOD_MATCH = YES;
				CODE_SIGN_IDENTITY = "iPhone Developer";
				COPY_PHASE_STRIP = NO;
				DEBUG_INFORMATION_FORMAT = dwarf;
				ENABLE_STRICT_OBJC_MSGSEND = YES;
				ENABLE_TESTABILITY = YES;
				GCC_C_LANGUAGE_STANDARD = gnu11;
				GCC_DYNAMIC_NO_PIC = NO;
				GCC_NO_COMMON_BLOCKS = YES;
				GCC_OPTIMIZATION_LEVEL = 0;
				GCC_PREPROCESSOR_DEFINITIONS = (
					"DEBUG=1",
					"$(inherited)",
				);
				GCC_WARN_64_TO_32_BIT_CONVERSION = YES;
				GCC_WARN_ABOUT_RETURN_TYPE = YES_ERROR;
				GCC_WARN_UNDECLARED_SELECTOR = YES;
				GCC_WARN_UNINITIALIZED_AUTOS = YES_AGGRESSIVE;
				GCC_WARN_UNUSED_FUNCTION = YES;
				GCC_WARN_UNUSED_VARIABLE = YES;
				IPHONEOS_DEPLOYMENT_TARGET = 10.0;
				MTL_ENABLE_DEBUG_INFO = YES;
				ONLY_ACTIVE_ARCH = YES;
				SDKROOT = iphoneos;
				SWIFT_ACTIVE_COMPILATION_CONDITIONS = DEBUG;
				SWIFT_OPTIMIZATION_LEVEL = "-Onone";
			};
			name = Debug;
		};
		0A9D19C5206C22DE007BCE51 /* Release */ = {
			isa = XCBuildConfiguration;
			buildSettings = {
				ALWAYS_SEARCH_USER_PATHS = NO;
				CLANG_ANALYZER_NONNULL = YES;
				CLANG_ANALYZER_NUMBER_OBJECT_CONVERSION = YES_AGGRESSIVE;
				CLANG_CXX_LANGUAGE_STANDARD = "gnu++14";
				CLANG_CXX_LIBRARY = "libc++";
				CLANG_ENABLE_MODULES = YES;
				CLANG_ENABLE_OBJC_ARC = YES;
				CLANG_WARN_BLOCK_CAPTURE_AUTORELEASING = YES;
				CLANG_WARN_BOOL_CONVERSION = YES;
				CLANG_WARN_COMMA = YES;
				CLANG_WARN_CONSTANT_CONVERSION = YES;
				CLANG_WARN_DIRECT_OBJC_ISA_USAGE = YES_ERROR;
				CLANG_WARN_DOCUMENTATION_COMMENTS = YES;
				CLANG_WARN_EMPTY_BODY = YES;
				CLANG_WARN_ENUM_CONVERSION = YES;
				CLANG_WARN_INFINITE_RECURSION = YES;
				CLANG_WARN_INT_CONVERSION = YES;
				CLANG_WARN_NON_LITERAL_NULL_CONVERSION = YES;
				CLANG_WARN_OBJC_LITERAL_CONVERSION = YES;
				CLANG_WARN_OBJC_ROOT_CLASS = YES_ERROR;
				CLANG_WARN_RANGE_LOOP_ANALYSIS = YES;
				CLANG_WARN_STRICT_PROTOTYPES = YES;
				CLANG_WARN_SUSPICIOUS_MOVE = YES;
				CLANG_WARN_UNGUARDED_AVAILABILITY = YES_AGGRESSIVE;
				CLANG_WARN_UNREACHABLE_CODE = YES;
				CLANG_WARN__DUPLICATE_METHOD_MATCH = YES;
				CODE_SIGN_IDENTITY = "iPhone Developer";
				COPY_PHASE_STRIP = NO;
				DEBUG_INFORMATION_FORMAT = "dwarf-with-dsym";
				ENABLE_NS_ASSERTIONS = NO;
				ENABLE_STRICT_OBJC_MSGSEND = YES;
				GCC_C_LANGUAGE_STANDARD = gnu11;
				GCC_NO_COMMON_BLOCKS = YES;
				GCC_WARN_64_TO_32_BIT_CONVERSION = YES;
				GCC_WARN_ABOUT_RETURN_TYPE = YES_ERROR;
				GCC_WARN_UNDECLARED_SELECTOR = YES;
				GCC_WARN_UNINITIALIZED_AUTOS = YES_AGGRESSIVE;
				GCC_WARN_UNUSED_FUNCTION = YES;
				GCC_WARN_UNUSED_VARIABLE = YES;
				IPHONEOS_DEPLOYMENT_TARGET = 10.0;
				MTL_ENABLE_DEBUG_INFO = NO;
				SDKROOT = iphoneos;
				SWIFT_OPTIMIZATION_LEVEL = "-Owholemodule";
				VALIDATE_PRODUCT = YES;
			};
			name = Release;
		};
		0A9D19C7206C22DE007BCE51 /* Debug */ = {
			isa = XCBuildConfiguration;
			buildSettings = {
				ASSETCATALOG_COMPILER_APPICON_NAME = AppIcon;
				CLANG_ENABLE_MODULES = YES;
				CODE_SIGN_STYLE = Automatic;
				DEVELOPMENT_TEAM = "";
				INFOPLIST_FILE = doubletouch/Info.plist;
				LD_RUNPATH_SEARCH_PATHS = "$(inherited) @executable_path/Frameworks";
				PRODUCT_BUNDLE_IDENTIFIER = com.popmedic.doubletouch;
				PRODUCT_NAME = "$(TARGET_NAME)";
				SWIFT_OBJC_BRIDGING_HEADER = "doubletouch/doubletouch-Bridging-Header.h";
				SWIFT_OPTIMIZATION_LEVEL = "-Onone";
				SWIFT_VERSION = 4.0;
				TARGETED_DEVICE_FAMILY = "1,2";
			};
			name = Debug;
		};
		0A9D19C8206C22DE007BCE51 /* Release */ = {
			isa = XCBuildConfiguration;
			buildSettings = {
				ASSETCATALOG_COMPILER_APPICON_NAME = AppIcon;
				CLANG_ENABLE_MODULES = YES;
				CODE_SIGN_STYLE = Automatic;
				DEVELOPMENT_TEAM = "";
				INFOPLIST_FILE = doubletouch/Info.plist;
				LD_RUNPATH_SEARCH_PATHS = "$(inherited) @executable_path/Frameworks";
				PRODUCT_BUNDLE_IDENTIFIER = com.popmedic.doubletouch;
				PRODUCT_NAME = "$(TARGET_NAME)";
				SWIFT_OBJC_BRIDGING_HEADER = "doubletouch/doubletouch-Bridging-Header.h";
				SWIFT_VERSION = 4.0;
				TARGETED_DEVICE_FAMILY = "1,2";
			};
			name = Release;
		};
/* End XCBuildConfiguration section */

/* Begin XCConfigurationList section */
		0A9D19AF206C22DE007BCE51 /* Build configuration list for PBXProject "doubletouch" */ = {
			isa = XCConfigurationList;
			buildConfigurations = (
				0A9D19C4206C22DE007BCE51 /* Debug */,
				0A9D19C5206C22DE007BCE51 /* Release */,
			);
			defaultConfigurationIsVisible = 0;
			defaultConfigurationName = Release;
		};
		0A9D19C6206C22DE007BCE51 /* Build configuration list for PBXNativeTarget "doubletouch" */ = {
			isa = XCConfigurationList;
			buildConfigurations = (
				0A9D19C7206C22DE007BCE51 /* Debug */,
				0A9D19C8206C22DE007BCE51 /* Release */,
			);
			defaultConfigurationIsVisible = 0;
			defaultConfigurationName = Release;
		};
/* End XCConfigurationList section */
	};
	rootObject = 0A9D19AC206C22DE007BCE51 /* Project object */;
}
